
Microsoft Visual Studio Solution File, Format Version 12.00
# Visual Studio Version 16
VisualStudioVersion = 16.0.29905.134
MinimumVisualStudioVersion = 10.0.40219.1
Project("{FAE04EC0-301F-11D3-BF4B-00C04F79EFBC}") = "Laboratorio1", "Laboratorio1\Laboratorio1.csproj", "{F6EA98F9-9FFB-44A5-B126-DE27E926AAB0}"
EndProject
Global
	GlobalSection(SolutionConfigurationPlatforms) = preSolution
		Debug|Any CPU = Debug|Any CPU
		Release|Any CPU = Release|Any CPU
	EndGlobalSection
	GlobalSection(ProjectConfigurationPlatforms) = postSolution
		{F6EA98F9-9FFB-44A5-B126-DE27E926AAB0}.Debug|Any CPU.ActiveCfg = Debug|Any CPU
		{F6EA98F9-9FFB-44A5-B126-DE27E926AAB0}.Debug|Any CPU.Build.0 = Debug|Any CPU
		{F6EA98F9-9FFB-44A5-B126-DE27E926AAB0}.Release|Any CPU.ActiveCfg = Release|Any CPU
		{F6EA98F9-9FFB-44A5-B126-DE27E926AAB0}.Release|Any CPU.Build.0 = Release|Any CPU
	EndGlobalSection
	GlobalSection(SolutionProperties) = preSolution
		HideSolutionNode = FALSE
	EndGlobalSection
	GlobalSection(ExtensibilityGlobals) = postSolution
		SolutionGuid = {06C7AC6E-A76D-4EF3-8AD6-AA9F0260C652}
	EndGlobalSection
EndGlobal
